
Microsoft Visual Studio Solution File, Format Version 12.00
# Visual Studio Version 17
VisualStudioVersion = 17.8.34316.72
MinimumVisualStudioVersion = 10.0.40219.1
Project("{9A19103F-16F7-4668-BE54-9A1E7A4F7556}") = "AirportGOF", "AirportGOF.csproj", "{EB623C51-A46C-4A7D-B6E2-9E83218F4090}"
EndProject
Project("{9A19103F-16F7-4668-BE54-9A1E7A4F7556}") = "AirportGOF2", "..\AirportGOF2\AirportGOF2.csproj", "{1EA8034F-60D3-4B09-A7BA-8001282DC077}"
EndProject
Project("{FAE04EC0-301F-11D3-BF4B-00C04F79EFBC}") = "AirportGOF3", "..\AirportGOF3\AirportGOF3.csproj", "{859BFB01-40A4-42EA-8C77-CEB2B61B2292}"
EndProject
Project("{FAE04EC0-301F-11D3-BF4B-00C04F79EFBC}") = "PatternsGOF4", "..\PatternsGOF4\PatternsGOF4.csproj", "{156F5C4E-650B-40B3-9493-5B8EE9577663}"
EndProject
Global
	GlobalSection(SolutionConfigurationPlatforms) = preSolution
		Debug|Any CPU = Debug|Any CPU
		Release|Any CPU = Release|Any CPU
	EndGlobalSection
	GlobalSection(ProjectConfigurationPlatforms) = postSolution
		{EB623C51-A46C-4A7D-B6E2-9E83218F4090}.Debug|Any CPU.ActiveCfg = Debug|Any CPU
		{EB623C51-A46C-4A7D-B6E2-9E83218F4090}.Debug|Any CPU.Build.0 = Debug|Any CPU
		{EB623C51-A46C-4A7D-B6E2-9E83218F4090}.Release|Any CPU.ActiveCfg = Release|Any CPU
		{EB623C51-A46C-4A7D-B6E2-9E83218F4090}.Release|Any CPU.Build.0 = Release|Any CPU
		{1EA8034F-60D3-4B09-A7BA-8001282DC077}.Debug|Any CPU.ActiveCfg = Debug|Any CPU
		{1EA8034F-60D3-4B09-A7BA-8001282DC077}.Debug|Any CPU.Build.0 = Debug|Any CPU
		{1EA8034F-60D3-4B09-A7BA-8001282DC077}.Release|Any CPU.ActiveCfg = Release|Any CPU
		{1EA8034F-60D3-4B09-A7BA-8001282DC077}.Release|Any CPU.Build.0 = Release|Any CPU
		{859BFB01-40A4-42EA-8C77-CEB2B61B2292}.Debug|Any CPU.ActiveCfg = Debug|Any CPU
		{859BFB01-40A4-42EA-8C77-CEB2B61B2292}.Debug|Any CPU.Build.0 = Debug|Any CPU
		{859BFB01-40A4-42EA-8C77-CEB2B61B2292}.Release|Any CPU.ActiveCfg = Release|Any CPU
		{859BFB01-40A4-42EA-8C77-CEB2B61B2292}.Release|Any CPU.Build.0 = Release|Any CPU
		{156F5C4E-650B-40B3-9493-5B8EE9577663}.Debug|Any CPU.ActiveCfg = Debug|Any CPU
		{156F5C4E-650B-40B3-9493-5B8EE9577663}.Debug|Any CPU.Build.0 = Debug|Any CPU
		{156F5C4E-650B-40B3-9493-5B8EE9577663}.Release|Any CPU.ActiveCfg = Release|Any CPU
		{156F5C4E-650B-40B3-9493-5B8EE9577663}.Release|Any CPU.Build.0 = Release|Any CPU
	EndGlobalSection
	GlobalSection(SolutionProperties) = preSolution
		HideSolutionNode = FALSE
	EndGlobalSection
	GlobalSection(ExtensibilityGlobals) = postSolution
		SolutionGuid = {625D0E0B-C377-4CB9-B2D4-97AB93307D6D}
	EndGlobalSection
EndGlobal
